
Microsoft Visual Studio Solution File, Format Version 12.00
# Visual Studio Version 17
VisualStudioVersion = 17.7.34024.191
MinimumVisualStudioVersion = 10.0.40219.1
Project("{FAE04EC0-301F-11D3-BF4B-00C04F79EFBC}") = "NoteTaker", "NoteTaker.csproj", "{92EA744D-1031-4AE0-B916-40B088E9FC2E}"
EndProject
Global
	GlobalSection(SolutionConfigurationPlatforms) = preSolution
		Debug|Any CPU = Debug|Any CPU
		Release|Any CPU = Release|Any CPU
	EndGlobalSection
	GlobalSection(ProjectConfigurationPlatforms) = postSolution
		{92EA744D-1031-4AE0-B916-40B088E9FC2E}.Debug|Any CPU.ActiveCfg = Debug|Any CPU
		{92EA744D-1031-4AE0-B916-40B088E9FC2E}.Debug|Any CPU.Build.0 = Debug|Any CPU
		{92EA744D-1031-4AE0-B916-40B088E9FC2E}.Release|Any CPU.ActiveCfg = Release|Any CPU
		{92EA744D-1031-4AE0-B916-40B088E9FC2E}.Release|Any CPU.Build.0 = Release|Any CPU
	EndGlobalSection
	GlobalSection(SolutionProperties) = preSolution
		HideSolutionNode = FALSE
	EndGlobalSection
	GlobalSection(ExtensibilityGlobals) = postSolution
		SolutionGuid = {A4F2A486-DB35-436D-86F1-61C238F75246}
	EndGlobalSection
EndGlobal
